
Microsoft Visual Studio Solution File, Format Version 11.00
# Visual Studio 2010
Project("{FAE04EC0-301F-11D3-BF4B-00C04F79EFBC}") = "SPACE", "SPACE\SPACE.csproj", "{DA5EC9AD-7983-4145-B19A-F6D3A29F1379}"
EndProject
Global
	GlobalSection(SolutionConfigurationPlatforms) = preSolution
		Debug|Any CPU = Debug|Any CPU
		Release|Any CPU = Release|Any CPU
	EndGlobalSection
	GlobalSection(ProjectConfigurationPlatforms) = postSolution
		{DA5EC9AD-7983-4145-B19A-F6D3A29F1379}.Debug|Any CPU.ActiveCfg = Debug|Any CPU
		{DA5EC9AD-7983-4145-B19A-F6D3A29F1379}.Debug|Any CPU.Build.0 = Debug|Any CPU
		{DA5EC9AD-7983-4145-B19A-F6D3A29F1379}.Release|Any CPU.ActiveCfg = Release|Any CPU
		{DA5EC9AD-7983-4145-B19A-F6D3A29F1379}.Release|Any CPU.Build.0 = Release|Any CPU
	EndGlobalSection
	GlobalSection(MonoDevelopProperties) = preSolution
		StartupItem = SPACE\SPACE.csproj
	EndGlobalSection
EndGlobal
